{
  "name": "nft_deploy",
  "version": "1.0.0",
  "lockfileVersion": 1,
  "requires": true,
  "dependencies": {
    "blueprint": {
      "version": "2.1.5",
      "resolved": "https://registry.npmjs.org/blueprint/-/blueprint-2.1.5.tgz",
      "integrity": "sha512-gPXtQTFjeHmb6TDmwL1KSVwZIoUSIqhGYAYRz0AvEvp/6JPOrdENYL4zsAYp7HKHTnjKMngOsGUFv7czUj5vpQ=="
    }
  }
}
